<?xml version="1.0" encoding="utf-8"?>
<Project ToolsVersion="4.0" xmlns="http://schemas.microsoft.com/developer/msbuild/2003">
  <ItemGroup>
    <Filter Include="소스 파일">
      <UniqueIdentifier>{4FC737F1-C7A5-4376-A066-2A32D752A2FF}</UniqueIdentifier>
      <Extensions>cpp;c;cc;cxx;def;odl;idl;hpj;bat;asm;asmx</Extensions>
    </Filter>
    <Filter Include="헤더 파일">
      <UniqueIdentifier>{93995380-89BD-4b04-88EB-625FBE52EBFB}</UniqueIdentifier>
      <Extensions>h;hh;hpp;hxx;hm;inl;inc;ipp;xsd</Extensions>
    </Filter>
    <Filter Include="리소스 파일">
      <UniqueIdentifier>{67DA6AB6-F800-4c08-8B7A-83BB121AAD01}</UniqueIdentifier>
      <Extensions>rc;ico;cur;bmp;dlg;rc2;rct;bin;rgs;gif;jpg;jpeg;jpe;resx;tiff;tif;png;wav;mfcribbon-ms</Extensions>
    </Filter>
    <Filter Include="소스 파일\2020.02.01">
      <UniqueIdentifier>{d7ee101f-5db4-4d81-8f24-28646530894f}</UniqueIdentifier>
    </Filter>
    <Filter Include="소스 파일\2020.03.01">
      <UniqueIdentifier>{702ea487-458b-45a8-af74-1f3a0df70cf0}</UniqueIdentifier>
    </Filter>
  </ItemGroup>
  <ItemGroup>
    <ClCompile Include="a.cpp">
      <Filter>소스 파일</Filter>
    </ClCompile>
    <ClCompile Include="312.cpp">
      <Filter>소스 파일</Filter>
    </ClCompile>
    <ClCompile Include="main.cpp">
      <Filter>소스 파일\2020.02.01</Filter>
    </ClCompile>
    <ClCompile Include="user.cpp">
      <Filter>소스 파일\2020.02.01</Filter>
    </ClCompile>
    <ClCompile Include="128.cpp">
      <Filter>소스 파일</Filter>
    </ClCompile>
    <ClCompile Include="radixSort_legacy.cpp">
      <Filter>소스 파일</Filter>
    </ClCompile>
    <ClCompile Include="quickSort_legacy.cpp">
      <Filter>소스 파일</Filter>
    </ClCompile>
    <ClCompile Include="128_2.cpp">
      <Filter>소스 파일</Filter>
    </ClCompile>
    <ClCompile Include="128_sol.cpp">
      <Filter>소스 파일</Filter>
    </ClCompile>
    <ClCompile Include="128_sol_code_optimization.cpp">
      <Filter>소스 파일</Filter>
    </ClCompile>
    <ClCompile Include="calcultate.cpp">
      <Filter>소스 파일</Filter>
    </ClCompile>
    <ClCompile Include="test.cpp">
      <Filter>소스 파일</Filter>
    </ClCompile>
    <ClCompile Include="5344.cpp">
      <Filter>소스 파일\2020.03.01</Filter>
    </ClCompile>
    <ClCompile Include="5345.cpp">
      <Filter>소스 파일\2020.03.01</Filter>
    </ClCompile>
    <ClCompile Include="5346.cpp">
      <Filter>소스 파일\2020.03.01</Filter>
    </ClCompile>
    <ClCompile Include="scrap.cpp">
      <Filter>소스 파일</Filter>
    </ClCompile>
    <ClCompile Include="scrap_summary.cpp">
      <Filter>소스 파일</Filter>
    </ClCompile>
    <ClCompile Include="abc157_b.cpp">
      <Filter>소스 파일\2020.03.01</Filter>
    </ClCompile>
    <ClCompile Include="abc157_c.cpp">
      <Filter>소스 파일\2020.03.01</Filter>
    </ClCompile>
    <ClCompile Include="abc157_e.cpp">
      <Filter>소스 파일\2020.03.01</Filter>
    </ClCompile>
  </ItemGroup>
</Project>