<?xml version="1.0" encoding="utf-8"?>
<Project ToolsVersion="4.0" xmlns="http://schemas.microsoft.com/developer/msbuild/2003">
  <ItemGroup>
    <Filter Include="소스 파일">
      <UniqueIdentifier>{4FC737F1-C7A5-4376-A066-2A32D752A2FF}</UniqueIdentifier>
      <Extensions>cpp;c;cc;cxx;def;odl;idl;hpj;bat;asm;asmx</Extensions>
    </Filter>
    <Filter Include="헤더 파일">
      <UniqueIdentifier>{93995380-89BD-4b04-88EB-625FBE52EBFB}</UniqueIdentifier>
      <Extensions>h;hh;hpp;hxx;hm;inl;inc;xsd</Extensions>
    </Filter>
    <Filter Include="리소스 파일">
      <UniqueIdentifier>{67DA6AB6-F800-4c08-8B7A-83BB121AAD01}</UniqueIdentifier>
      <Extensions>rc;ico;cur;bmp;dlg;rc2;rct;bin;rgs;gif;jpg;jpeg;jpe;resx;tiff;tif;png;wav;mfcribbon-ms</Extensions>
    </Filter>
    <Filter Include="소스 파일\2017.07.28">
      <UniqueIdentifier>{047e7c2d-dae3-4ff1-b59c-ee6cb439a443}</UniqueIdentifier>
    </Filter>
    <Filter Include="소스 파일\2017.07.26 이전">
      <UniqueIdentifier>{bccb71ee-b2fa-4ca6-bf3e-16e1549f40fd}</UniqueIdentifier>
    </Filter>
    <Filter Include="소스 파일\2017.07.27">
      <UniqueIdentifier>{ecc0ba7b-1956-4a6a-8d0f-f3f68680715d}</UniqueIdentifier>
    </Filter>
    <Filter Include="소스 파일\2017.07.29">
      <UniqueIdentifier>{ace57d1d-1fc0-4d1f-8ceb-9fa8398b4a7a}</UniqueIdentifier>
    </Filter>
    <Filter Include="소스 파일\2017.07.30">
      <UniqueIdentifier>{456e1af0-d427-4db3-8fe3-7dd50157e734}</UniqueIdentifier>
    </Filter>
    <Filter Include="소스 파일\2017.07.31">
      <UniqueIdentifier>{be890995-920f-4b54-9ae3-efc014803cf7}</UniqueIdentifier>
    </Filter>
    <Filter Include="소스 파일\2017.08.09">
      <UniqueIdentifier>{dc856944-07ab-48e6-9363-7e4f3d6d48e3}</UniqueIdentifier>
    </Filter>
    <Filter Include="소스 파일\2017.08.05">
      <UniqueIdentifier>{b2f4f76f-74a2-41d8-9fa5-b2d946f2c464}</UniqueIdentifier>
    </Filter>
    <Filter Include="소스 파일\2017.08.04">
      <UniqueIdentifier>{d21f3f97-0d8b-4c12-813e-a736d38b9fc7}</UniqueIdentifier>
    </Filter>
    <Filter Include="소스 파일\2017.08.03">
      <UniqueIdentifier>{ab3968e3-991e-4c3a-a0c2-024894cb886f}</UniqueIdentifier>
    </Filter>
    <Filter Include="소스 파일\2017.08.02">
      <UniqueIdentifier>{a73c43b7-c58a-4f1e-8136-25d59dafabaa}</UniqueIdentifier>
    </Filter>
    <Filter Include="소스 파일\2017.08.01">
      <UniqueIdentifier>{dee7d769-7581-4dac-bc00-d773e7e76cf5}</UniqueIdentifier>
    </Filter>
    <Filter Include="소스 파일\2017.08.10">
      <UniqueIdentifier>{e39528ec-e3c4-4d0c-a686-37490dcf55fe}</UniqueIdentifier>
    </Filter>
    <Filter Include="소스 파일\2017.09.05">
      <UniqueIdentifier>{a87efe88-2be1-4b42-884e-7967aa0309c2}</UniqueIdentifier>
    </Filter>
    <Filter Include="소스 파일\2017.09.25">
      <UniqueIdentifier>{2905e594-4789-4bdf-bae1-fec2a5931bdb}</UniqueIdentifier>
    </Filter>
    <Filter Include="소스 파일\2017.09.26">
      <UniqueIdentifier>{1fb37698-7457-4704-81e4-8e6f2ddef1f2}</UniqueIdentifier>
    </Filter>
    <Filter Include="소스 파일\2017.09.27">
      <UniqueIdentifier>{f6031fa4-9b4a-4034-9d9d-12685f877c22}</UniqueIdentifier>
    </Filter>
    <Filter Include="소스 파일\2017.09.28">
      <UniqueIdentifier>{23fa588b-2209-4a76-a07d-152e441f2a1f}</UniqueIdentifier>
    </Filter>
    <Filter Include="소스 파일\2017.09.29">
      <UniqueIdentifier>{5c97e21e-ce4d-4ae7-a697-f53d82d7e495}</UniqueIdentifier>
    </Filter>
    <Filter Include="소스 파일\2017.09.30">
      <UniqueIdentifier>{266bf754-07d5-40f0-b63e-bd583477850d}</UniqueIdentifier>
    </Filter>
    <Filter Include="소스 파일\2017.10.01">
      <UniqueIdentifier>{f04c8ba0-124a-4847-b259-bf4a435a9779}</UniqueIdentifier>
    </Filter>
    <Filter Include="소스 파일\2017.10.02">
      <UniqueIdentifier>{54e1ac93-8760-4069-8118-3d4b280d8853}</UniqueIdentifier>
    </Filter>
    <Filter Include="소스 파일\2017.10.03">
      <UniqueIdentifier>{205e336c-6dcb-4b7c-a55e-9b56d500427b}</UniqueIdentifier>
    </Filter>
    <Filter Include="소스 파일\2017.10.04">
      <UniqueIdentifier>{ded0b468-e398-4f19-a748-bfe495e6b595}</UniqueIdentifier>
    </Filter>
    <Filter Include="소스 파일\2017.10.05">
      <UniqueIdentifier>{ed7e1e3e-a1c4-4a65-b4cf-22f3f52d59ac}</UniqueIdentifier>
    </Filter>
    <Filter Include="소스 파일\2017.10.06">
      <UniqueIdentifier>{15aaa630-cd82-48d9-a856-955ff7671f5c}</UniqueIdentifier>
    </Filter>
    <Filter Include="소스 파일\2017.10.07">
      <UniqueIdentifier>{5bee13cd-b33c-462b-a9b7-e37fa649c136}</UniqueIdentifier>
    </Filter>
  </ItemGroup>
  <ItemGroup>
    <ClCompile Include="1011.cpp">
      <Filter>소스 파일\2017.07.26 이전</Filter>
    </ClCompile>
    <ClCompile Include="1014.cpp">
      <Filter>소스 파일\2017.07.26 이전</Filter>
    </ClCompile>
    <ClCompile Include="1014_모범답안_bitmask_dp.cpp">
      <Filter>소스 파일\2017.07.26 이전</Filter>
    </ClCompile>
    <ClCompile Include="1014_모범답안_networkflow.cpp">
      <Filter>소스 파일\2017.07.26 이전</Filter>
    </ClCompile>
    <ClCompile Include="1019.cpp">
      <Filter>소스 파일\2017.07.26 이전</Filter>
    </ClCompile>
    <ClCompile Include="1019_모범답안.cpp">
      <Filter>소스 파일\2017.07.26 이전</Filter>
    </ClCompile>
    <ClCompile Include="1020.cpp">
      <Filter>소스 파일\2017.07.26 이전</Filter>
    </ClCompile>
    <ClCompile Include="1021.cpp">
      <Filter>소스 파일\2017.07.26 이전</Filter>
    </ClCompile>
    <ClCompile Include="1026.cpp">
      <Filter>소스 파일\2017.07.26 이전</Filter>
    </ClCompile>
    <ClCompile Include="1065.cpp">
      <Filter>소스 파일\2017.07.26 이전</Filter>
    </ClCompile>
    <ClCompile Include="1110.cpp">
      <Filter>소스 파일\2017.07.26 이전</Filter>
    </ClCompile>
    <ClCompile Include="1152.cpp">
      <Filter>소스 파일\2017.07.26 이전</Filter>
    </ClCompile>
    <ClCompile Include="1157.cpp">
      <Filter>소스 파일\2017.07.26 이전</Filter>
    </ClCompile>
    <ClCompile Include="1181.cpp">
      <Filter>소스 파일\2017.07.26 이전</Filter>
    </ClCompile>
    <ClCompile Include="1193.cpp">
      <Filter>소스 파일\2017.07.26 이전</Filter>
    </ClCompile>
    <ClCompile Include="1316.cpp">
      <Filter>소스 파일\2017.07.26 이전</Filter>
    </ClCompile>
    <ClCompile Include="1427.cpp">
      <Filter>소스 파일\2017.07.26 이전</Filter>
    </ClCompile>
    <ClCompile Include="1475.cpp">
      <Filter>소스 파일\2017.07.26 이전</Filter>
    </ClCompile>
    <ClCompile Include="1546.cpp">
      <Filter>소스 파일\2017.07.26 이전</Filter>
    </ClCompile>
    <ClCompile Include="1699_모범답안.cpp">
      <Filter>소스 파일\2017.07.26 이전</Filter>
    </ClCompile>
    <ClCompile Include="1753.cpp">
      <Filter>소스 파일\2017.07.26 이전</Filter>
    </ClCompile>
    <ClCompile Include="1789.cpp">
      <Filter>소스 파일\2017.07.26 이전</Filter>
    </ClCompile>
    <ClCompile Include="1916.cpp">
      <Filter>소스 파일\2017.07.26 이전</Filter>
    </ClCompile>
    <ClCompile Include="1924.cpp">
      <Filter>소스 파일\2017.07.26 이전</Filter>
    </ClCompile>
    <ClCompile Include="1978.cpp">
      <Filter>소스 파일\2017.07.26 이전</Filter>
    </ClCompile>
    <ClCompile Include="2108.cpp">
      <Filter>소스 파일\2017.07.26 이전</Filter>
    </ClCompile>
    <ClCompile Include="2188.cpp">
      <Filter>소스 파일\2017.07.26 이전</Filter>
    </ClCompile>
    <ClCompile Include="2292.cpp">
      <Filter>소스 파일\2017.07.26 이전</Filter>
    </ClCompile>
    <ClCompile Include="2309.cpp">
      <Filter>소스 파일\2017.07.26 이전</Filter>
    </ClCompile>
    <ClCompile Include="2438.cpp">
      <Filter>소스 파일\2017.07.26 이전</Filter>
    </ClCompile>
    <ClCompile Include="2439.cpp">
      <Filter>소스 파일\2017.07.26 이전</Filter>
    </ClCompile>
    <ClCompile Include="2440.cpp">
      <Filter>소스 파일\2017.07.26 이전</Filter>
    </ClCompile>
    <ClCompile Include="2441.cpp">
      <Filter>소스 파일\2017.07.26 이전</Filter>
    </ClCompile>
    <ClCompile Include="2448.cpp">
      <Filter>소스 파일\2017.07.26 이전</Filter>
    </ClCompile>
    <ClCompile Include="2557.cpp">
      <Filter>소스 파일\2017.07.26 이전</Filter>
    </ClCompile>
    <ClCompile Include="2558.cpp">
      <Filter>소스 파일\2017.07.26 이전</Filter>
    </ClCompile>
    <ClCompile Include="2577.cpp">
      <Filter>소스 파일\2017.07.26 이전</Filter>
    </ClCompile>
    <ClCompile Include="2581.cpp">
      <Filter>소스 파일\2017.07.26 이전</Filter>
    </ClCompile>
    <ClCompile Include="2675.cpp">
      <Filter>소스 파일\2017.07.26 이전</Filter>
    </ClCompile>
    <ClCompile Include="2739.cpp">
      <Filter>소스 파일\2017.07.26 이전</Filter>
    </ClCompile>
    <ClCompile Include="2741.cpp">
      <Filter>소스 파일\2017.07.26 이전</Filter>
    </ClCompile>
    <ClCompile Include="2742.cpp">
      <Filter>소스 파일\2017.07.26 이전</Filter>
    </ClCompile>
    <ClCompile Include="2750.cpp">
      <Filter>소스 파일\2017.07.26 이전</Filter>
    </ClCompile>
    <ClCompile Include="2751_heapsort.cpp">
      <Filter>소스 파일\2017.07.26 이전</Filter>
    </ClCompile>
    <ClCompile Include="2751_quicksort_built-in.cpp">
      <Filter>소스 파일\2017.07.26 이전</Filter>
    </ClCompile>
    <ClCompile Include="2751_quicksort_handwork.cpp">
      <Filter>소스 파일\2017.07.26 이전</Filter>
    </ClCompile>
    <ClCompile Include="2775.cpp">
      <Filter>소스 파일\2017.07.26 이전</Filter>
    </ClCompile>
    <ClCompile Include="2839.cpp">
      <Filter>소스 파일\2017.07.26 이전</Filter>
    </ClCompile>
    <ClCompile Include="2908.cpp">
      <Filter>소스 파일\2017.07.26 이전</Filter>
    </ClCompile>
    <ClCompile Include="2920.cpp">
      <Filter>소스 파일\2017.07.26 이전</Filter>
    </ClCompile>
    <ClCompile Include="2941.cpp">
      <Filter>소스 파일\2017.07.26 이전</Filter>
    </ClCompile>
    <ClCompile Include="4344.cpp">
      <Filter>소스 파일\2017.07.26 이전</Filter>
    </ClCompile>
    <ClCompile Include="4673.cpp">
      <Filter>소스 파일\2017.07.26 이전</Filter>
    </ClCompile>
    <ClCompile Include="5622.cpp">
      <Filter>소스 파일\2017.07.26 이전</Filter>
    </ClCompile>
    <ClCompile Include="6064.cpp">
      <Filter>소스 파일\2017.07.26 이전</Filter>
    </ClCompile>
    <ClCompile Include="7287.cpp">
      <Filter>소스 파일\2017.07.26 이전</Filter>
    </ClCompile>
    <ClCompile Include="7568.cpp">
      <Filter>소스 파일\2017.07.26 이전</Filter>
    </ClCompile>
    <ClCompile Include="8393.cpp">
      <Filter>소스 파일\2017.07.26 이전</Filter>
    </ClCompile>
    <ClCompile Include="8958.cpp">
      <Filter>소스 파일\2017.07.26 이전</Filter>
    </ClCompile>
    <ClCompile Include="9426.cpp">
      <Filter>소스 파일\2017.07.26 이전</Filter>
    </ClCompile>
    <ClCompile Include="9426_모범답안.cpp">
      <Filter>소스 파일\2017.07.26 이전</Filter>
    </ClCompile>
    <ClCompile Include="9498.cpp">
      <Filter>소스 파일\2017.07.26 이전</Filter>
    </ClCompile>
    <ClCompile Include="10039.cpp">
      <Filter>소스 파일\2017.07.26 이전</Filter>
    </ClCompile>
    <ClCompile Include="10172.cpp">
      <Filter>소스 파일\2017.07.26 이전</Filter>
    </ClCompile>
    <ClCompile Include="10250.cpp">
      <Filter>소스 파일\2017.07.26 이전</Filter>
    </ClCompile>
    <ClCompile Include="10430.cpp">
      <Filter>소스 파일\2017.07.26 이전</Filter>
    </ClCompile>
    <ClCompile Include="10718.cpp">
      <Filter>소스 파일\2017.07.26 이전</Filter>
    </ClCompile>
    <ClCompile Include="10809.cpp">
      <Filter>소스 파일\2017.07.26 이전</Filter>
    </ClCompile>
    <ClCompile Include="10817.cpp">
      <Filter>소스 파일\2017.07.26 이전</Filter>
    </ClCompile>
    <ClCompile Include="10869.cpp">
      <Filter>소스 파일\2017.07.26 이전</Filter>
    </ClCompile>
    <ClCompile Include="10871.cpp">
      <Filter>소스 파일\2017.07.26 이전</Filter>
    </ClCompile>
    <ClCompile Include="10989.cpp">
      <Filter>소스 파일\2017.07.26 이전</Filter>
    </ClCompile>
    <ClCompile Include="10998.cpp">
      <Filter>소스 파일\2017.07.26 이전</Filter>
    </ClCompile>
    <ClCompile Include="11055.cpp">
      <Filter>소스 파일\2017.07.26 이전</Filter>
    </ClCompile>
    <ClCompile Include="11375_LinkedList.cpp">
      <Filter>소스 파일\2017.07.26 이전</Filter>
    </ClCompile>
    <ClCompile Include="11375_past.cpp">
      <Filter>소스 파일\2017.07.26 이전</Filter>
    </ClCompile>
    <ClCompile Include="11654.cpp">
      <Filter>소스 파일\2017.07.26 이전</Filter>
    </ClCompile>
    <ClCompile Include="11718.cpp">
      <Filter>소스 파일\2017.07.26 이전</Filter>
    </ClCompile>
    <ClCompile Include="11719.cpp">
      <Filter>소스 파일\2017.07.26 이전</Filter>
    </ClCompile>
    <ClCompile Include="11720.cpp">
      <Filter>소스 파일\2017.07.26 이전</Filter>
    </ClCompile>
    <ClCompile Include="11721.cpp">
      <Filter>소스 파일\2017.07.26 이전</Filter>
    </ClCompile>
    <ClCompile Include="heap.cpp">
      <Filter>소스 파일\2017.07.26 이전</Filter>
    </ClCompile>
    <ClCompile Include="networkflow.cpp">
      <Filter>소스 파일\2017.07.26 이전</Filter>
    </ClCompile>
    <ClCompile Include="networkflow_past.cpp">
      <Filter>소스 파일\2017.07.26 이전</Filter>
    </ClCompile>
    <ClCompile Include="speedtest.cpp">
      <Filter>소스 파일\2017.07.26 이전</Filter>
    </ClCompile>
    <ClCompile Include="1182_냅색.cpp">
      <Filter>소스 파일\2017.07.27</Filter>
    </ClCompile>
    <ClCompile Include="1182_브루트 포스.cpp">
      <Filter>소스 파일\2017.07.27</Filter>
    </ClCompile>
    <ClCompile Include="2583.cpp">
      <Filter>소스 파일\2017.07.27</Filter>
    </ClCompile>
    <ClCompile Include="9325.cpp">
      <Filter>소스 파일\2017.07.28</Filter>
    </ClCompile>
    <ClCompile Include="10867.cpp">
      <Filter>소스 파일\2017.07.28</Filter>
    </ClCompile>
    <ClCompile Include="10101.cpp">
      <Filter>소스 파일\2017.07.28</Filter>
    </ClCompile>
    <ClCompile Include="10807.cpp">
      <Filter>소스 파일\2017.07.28</Filter>
    </ClCompile>
    <ClCompile Include="1547.cpp">
      <Filter>소스 파일\2017.07.28</Filter>
    </ClCompile>
    <ClCompile Include="2231.cpp">
      <Filter>소스 파일\2017.07.28</Filter>
    </ClCompile>
    <ClCompile Include="9654.cpp">
      <Filter>소스 파일\2017.07.28</Filter>
    </ClCompile>
    <ClCompile Include="10987.cpp">
      <Filter>소스 파일\2017.07.28</Filter>
    </ClCompile>
    <ClCompile Include="2631.cpp">
      <Filter>소스 파일\2017.07.28</Filter>
    </ClCompile>
    <ClCompile Include="11728.cpp">
      <Filter>소스 파일\2017.07.28</Filter>
    </ClCompile>
    <ClCompile Include="11656.cpp">
      <Filter>소스 파일\2017.07.28</Filter>
    </ClCompile>
    <ClCompile Include="11943.cpp">
      <Filter>소스 파일\2017.07.28</Filter>
    </ClCompile>
    <ClCompile Include="5218.cpp">
      <Filter>소스 파일\2017.07.28</Filter>
    </ClCompile>
    <ClCompile Include="9076.cpp">
      <Filter>소스 파일\2017.07.28</Filter>
    </ClCompile>
    <ClCompile Include="11655.cpp">
      <Filter>소스 파일\2017.07.28</Filter>
    </ClCompile>
    <ClCompile Include="1408.cpp">
      <Filter>소스 파일\2017.07.28</Filter>
    </ClCompile>
    <ClCompile Include="9251.cpp">
      <Filter>소스 파일\2017.07.29</Filter>
    </ClCompile>
    <ClCompile Include="5522.cpp">
      <Filter>소스 파일\2017.07.29</Filter>
    </ClCompile>
    <ClCompile Include="2669.cpp">
      <Filter>소스 파일\2017.07.29</Filter>
    </ClCompile>
    <ClCompile Include="10821.cpp">
      <Filter>소스 파일\2017.07.29</Filter>
    </ClCompile>
    <ClCompile Include="10801.cpp">
      <Filter>소스 파일\2017.07.29</Filter>
    </ClCompile>
    <ClCompile Include="5717.cpp">
      <Filter>소스 파일\2017.07.29</Filter>
    </ClCompile>
    <ClCompile Include="9455.cpp">
      <Filter>소스 파일\2017.07.29</Filter>
    </ClCompile>
    <ClCompile Include="4458.cpp">
      <Filter>소스 파일\2017.07.29</Filter>
    </ClCompile>
    <ClCompile Include="7572.cpp">
      <Filter>소스 파일\2017.07.29</Filter>
    </ClCompile>
    <ClCompile Include="1453.cpp">
      <Filter>소스 파일\2017.07.29</Filter>
    </ClCompile>
    <ClCompile Include="10102.cpp">
      <Filter>소스 파일\2017.07.29</Filter>
    </ClCompile>
    <ClCompile Include="5586.cpp">
      <Filter>소스 파일\2017.07.29</Filter>
    </ClCompile>
    <ClCompile Include="5988.cpp">
      <Filter>소스 파일\2017.07.29</Filter>
    </ClCompile>
    <ClCompile Include="3460.cpp">
      <Filter>소스 파일\2017.07.29</Filter>
    </ClCompile>
    <ClCompile Include="11945.cpp">
      <Filter>소스 파일\2017.07.29</Filter>
    </ClCompile>
    <ClCompile Include="10158.cpp">
      <Filter>소스 파일\2017.07.29</Filter>
    </ClCompile>
    <ClCompile Include="10159.cpp">
      <Filter>소스 파일\2017.07.29</Filter>
    </ClCompile>
    <ClCompile Include="1644.cpp">
      <Filter>소스 파일\2017.07.29</Filter>
    </ClCompile>
    <ClCompile Include="2869.cpp">
      <Filter>소스 파일\2017.07.29</Filter>
    </ClCompile>
    <ClCompile Include="14659.cpp">
      <Filter>소스 파일\2017.07.29</Filter>
    </ClCompile>
    <ClCompile Include="1620.cpp">
      <Filter>소스 파일\2017.07.29</Filter>
    </ClCompile>
    <ClCompile Include="7785.cpp">
      <Filter>소스 파일\2017.07.29</Filter>
    </ClCompile>
    <ClCompile Include="9012.cpp">
      <Filter>소스 파일\2017.07.29</Filter>
    </ClCompile>
    <ClCompile Include="9494.cpp">
      <Filter>소스 파일\2017.07.29</Filter>
    </ClCompile>
    <ClCompile Include="6593.cpp">
      <Filter>소스 파일\2017.07.29</Filter>
    </ClCompile>
    <ClCompile Include="1356.cpp">
      <Filter>소스 파일\2017.07.29</Filter>
    </ClCompile>
    <ClCompile Include="1568.cpp">
      <Filter>소스 파일\2017.07.29</Filter>
    </ClCompile>
    <ClCompile Include="1717.cpp">
      <Filter>소스 파일\2017.07.30</Filter>
    </ClCompile>
    <ClCompile Include="1890.cpp">
      <Filter>소스 파일\2017.07.30</Filter>
    </ClCompile>
    <ClCompile Include="2565.cpp">
      <Filter>소스 파일\2017.07.30</Filter>
    </ClCompile>
    <ClCompile Include="9659.cpp">
      <Filter>소스 파일\2017.07.30</Filter>
    </ClCompile>
    <ClCompile Include="9295.cpp">
      <Filter>소스 파일\2017.07.30</Filter>
    </ClCompile>
    <ClCompile Include="2720.cpp">
      <Filter>소스 파일\2017.07.30</Filter>
    </ClCompile>
    <ClCompile Include="2702.cpp">
      <Filter>소스 파일\2017.07.30</Filter>
    </ClCompile>
    <ClCompile Include="2789.cpp">
      <Filter>소스 파일\2017.07.30</Filter>
    </ClCompile>
    <ClCompile Include="2555.cpp">
      <Filter>소스 파일\2017.07.30</Filter>
    </ClCompile>
    <ClCompile Include="14645.cpp">
      <Filter>소스 파일\2017.07.30</Filter>
    </ClCompile>
    <ClCompile Include="14656.cpp">
      <Filter>소스 파일\2017.07.30</Filter>
    </ClCompile>
    <ClCompile Include="7523.cpp">
      <Filter>소스 파일\2017.07.30</Filter>
    </ClCompile>
    <ClCompile Include="10865.cpp">
      <Filter>소스 파일\2017.07.30</Filter>
    </ClCompile>
    <ClCompile Include="3946.cpp">
      <Filter>소스 파일\2017.07.31</Filter>
    </ClCompile>
    <ClCompile Include="14623.cpp">
      <Filter>소스 파일\2017.07.31</Filter>
    </ClCompile>
    <ClCompile Include="13136.cpp">
      <Filter>소스 파일\2017.07.31</Filter>
    </ClCompile>
    <ClCompile Include="2042.cpp">
      <Filter>소스 파일\2017.07.31</Filter>
    </ClCompile>
    <ClCompile Include="2042_모범답안.cpp">
      <Filter>소스 파일\2017.07.31</Filter>
    </ClCompile>
    <ClCompile Include="11658_모범답안.cpp">
      <Filter>소스 파일\2017.07.31</Filter>
    </ClCompile>
    <ClCompile Include="4948.cpp">
      <Filter>소스 파일\2017.08.01</Filter>
    </ClCompile>
    <ClCompile Include="9202.cpp">
      <Filter>소스 파일\2017.08.01</Filter>
    </ClCompile>
    <ClCompile Include="10828.cpp">
      <Filter>소스 파일\2017.08.01</Filter>
    </ClCompile>
    <ClCompile Include="1874.cpp">
      <Filter>소스 파일\2017.08.01</Filter>
    </ClCompile>
    <ClCompile Include="1850.cpp">
      <Filter>소스 파일\2017.08.01</Filter>
    </ClCompile>
    <ClCompile Include="11726.cpp">
      <Filter>소스 파일\2017.08.01</Filter>
    </ClCompile>
    <ClCompile Include="2167.cpp">
      <Filter>소스 파일\2017.08.01</Filter>
    </ClCompile>
    <ClCompile Include="1085.cpp">
      <Filter>소스 파일\2017.08.01</Filter>
    </ClCompile>
    <ClCompile Include="2455.cpp">
      <Filter>소스 파일\2017.08.01</Filter>
    </ClCompile>
    <ClCompile Include="1920.cpp">
      <Filter>소스 파일\2017.08.01</Filter>
    </ClCompile>
    <ClCompile Include="2588.cpp">
      <Filter>소스 파일\2017.08.01</Filter>
    </ClCompile>
    <ClCompile Include="10699.cpp">
      <Filter>소스 파일\2017.08.01</Filter>
    </ClCompile>
    <ClCompile Include="5337.cpp">
      <Filter>소스 파일\2017.08.01</Filter>
    </ClCompile>
    <ClCompile Include="2576.cpp">
      <Filter>소스 파일\2017.08.01</Filter>
    </ClCompile>
    <ClCompile Include="1292.cpp">
      <Filter>소스 파일\2017.08.01</Filter>
    </ClCompile>
    <ClCompile Include="11942.cpp">
      <Filter>소스 파일\2017.08.01</Filter>
    </ClCompile>
    <ClCompile Include="10799.cpp">
      <Filter>소스 파일\2017.08.02</Filter>
    </ClCompile>
    <ClCompile Include="10813.cpp">
      <Filter>소스 파일\2017.08.02</Filter>
    </ClCompile>
    <ClCompile Include="3036.cpp">
      <Filter>소스 파일\2017.08.02</Filter>
    </ClCompile>
    <ClCompile Include="3059.cpp">
      <Filter>소스 파일\2017.08.02</Filter>
    </ClCompile>
    <ClCompile Include="10804.cpp">
      <Filter>소스 파일\2017.08.02</Filter>
    </ClCompile>
    <ClCompile Include="9625.cpp">
      <Filter>소스 파일\2017.08.02</Filter>
    </ClCompile>
    <ClCompile Include="11576.cpp">
      <Filter>소스 파일\2017.08.02</Filter>
    </ClCompile>
    <ClCompile Include="9136.cpp">
      <Filter>소스 파일\2017.08.02</Filter>
    </ClCompile>
    <ClCompile Include="3062.cpp">
      <Filter>소스 파일\2017.08.02</Filter>
    </ClCompile>
    <ClCompile Include="2511.cpp">
      <Filter>소스 파일\2017.08.02</Filter>
    </ClCompile>
    <ClCompile Include="2502.cpp">
      <Filter>소스 파일\2017.08.02</Filter>
    </ClCompile>
    <ClCompile Include="10972.cpp">
      <Filter>소스 파일\2017.08.02</Filter>
    </ClCompile>
    <ClCompile Include="2774.cpp">
      <Filter>소스 파일\2017.08.02</Filter>
    </ClCompile>
    <ClCompile Include="2161.cpp">
      <Filter>소스 파일\2017.08.02</Filter>
    </ClCompile>
    <ClCompile Include="3028.cpp">
      <Filter>소스 파일\2017.08.02</Filter>
    </ClCompile>
    <ClCompile Include="10178.cpp">
      <Filter>소스 파일\2017.08.02</Filter>
    </ClCompile>
    <ClCompile Include="10103.cpp">
      <Filter>소스 파일\2017.08.02</Filter>
    </ClCompile>
    <ClCompile Include="1931.cpp">
      <Filter>소스 파일\2017.08.03</Filter>
    </ClCompile>
    <ClCompile Include="9613.cpp">
      <Filter>소스 파일\2017.08.03</Filter>
    </ClCompile>
    <ClCompile Include="11722.cpp">
      <Filter>소스 파일\2017.08.03</Filter>
    </ClCompile>
    <ClCompile Include="11050.cpp">
      <Filter>소스 파일\2017.08.03</Filter>
    </ClCompile>
    <ClCompile Include="10988.cpp">
      <Filter>소스 파일\2017.08.03</Filter>
    </ClCompile>
    <ClCompile Include="10451.cpp">
      <Filter>소스 파일\2017.08.03</Filter>
    </ClCompile>
    <ClCompile Include="5361.cpp">
      <Filter>소스 파일\2017.08.03</Filter>
    </ClCompile>
    <ClCompile Include="10819_greedy.cpp">
      <Filter>소스 파일\2017.08.04</Filter>
    </ClCompile>
    <ClCompile Include="10819_back.cpp">
      <Filter>소스 파일\2017.08.04</Filter>
    </ClCompile>
    <ClCompile Include="10974.cpp">
      <Filter>소스 파일\2017.08.04</Filter>
    </ClCompile>
    <ClCompile Include="2745.cpp">
      <Filter>소스 파일\2017.08.04</Filter>
    </ClCompile>
    <ClCompile Include="2003.cpp">
      <Filter>소스 파일\2017.08.04</Filter>
    </ClCompile>
    <ClCompile Include="2003_twopointer.cpp">
      <Filter>소스 파일\2017.08.04</Filter>
    </ClCompile>
    <ClCompile Include="10448_dynamic.cpp">
      <Filter>소스 파일\2017.08.04</Filter>
    </ClCompile>
    <ClCompile Include="10448_bruteforce.cpp">
      <Filter>소스 파일\2017.08.04</Filter>
    </ClCompile>
    <ClCompile Include="11659.cpp">
      <Filter>소스 파일\2017.08.04</Filter>
    </ClCompile>
    <ClCompile Include="1963.cpp">
      <Filter>소스 파일\2017.08.04</Filter>
    </ClCompile>
    <ClCompile Include="5598.cpp">
      <Filter>소스 파일\2017.08.04</Filter>
    </ClCompile>
    <ClCompile Include="11005.cpp">
      <Filter>소스 파일\2017.08.04</Filter>
    </ClCompile>
    <ClCompile Include="12791.cpp">
      <Filter>소스 파일\2017.08.04</Filter>
    </ClCompile>
    <ClCompile Include="11724.cpp">
      <Filter>소스 파일\2017.08.04</Filter>
    </ClCompile>
    <ClCompile Include="11054.cpp">
      <Filter>소스 파일\2017.08.04</Filter>
    </ClCompile>
    <ClCompile Include="9084.cpp">
      <Filter>소스 파일\2017.08.04</Filter>
    </ClCompile>
    <ClCompile Include="5054.cpp">
      <Filter>소스 파일\2017.08.04</Filter>
    </ClCompile>
    <ClCompile Include="9610.cpp">
      <Filter>소스 파일\2017.08.05</Filter>
    </ClCompile>
    <ClCompile Include="2738.cpp">
      <Filter>소스 파일\2017.08.05</Filter>
    </ClCompile>
    <ClCompile Include="10822.cpp">
      <Filter>소스 파일\2017.08.05</Filter>
    </ClCompile>
    <ClCompile Include="11382.cpp">
      <Filter>소스 파일\2017.08.05</Filter>
    </ClCompile>
    <ClCompile Include="2979.cpp">
      <Filter>소스 파일\2017.08.05</Filter>
    </ClCompile>
    <ClCompile Include="11023.cpp">
      <Filter>소스 파일\2017.08.05</Filter>
    </ClCompile>
    <ClCompile Include="11966.cpp">
      <Filter>소스 파일\2017.08.05</Filter>
    </ClCompile>
    <ClCompile Include="5724.cpp">
      <Filter>소스 파일\2017.08.05</Filter>
    </ClCompile>
    <ClCompile Include="11948.cpp">
      <Filter>소스 파일\2017.08.05</Filter>
    </ClCompile>
    <ClCompile Include="1551.cpp">
      <Filter>소스 파일\2017.08.05</Filter>
    </ClCompile>
    <ClCompile Include="10773.cpp">
      <Filter>소스 파일\2017.08.05</Filter>
    </ClCompile>
    <ClCompile Include="10163.cpp">
      <Filter>소스 파일\2017.08.05</Filter>
    </ClCompile>
    <ClCompile Include="5789.cpp">
      <Filter>소스 파일\2017.08.05</Filter>
    </ClCompile>
    <ClCompile Include="11866.cpp">
      <Filter>소스 파일\2017.08.05</Filter>
    </ClCompile>
    <ClCompile Include="14581.cpp">
      <Filter>소스 파일\2017.08.05</Filter>
    </ClCompile>
    <ClCompile Include="10768.cpp">
      <Filter>소스 파일\2017.08.05</Filter>
    </ClCompile>
    <ClCompile Include="14655.cpp">
      <Filter>소스 파일\2017.08.05</Filter>
    </ClCompile>
    <ClCompile Include="2660.cpp">
      <Filter>소스 파일\2017.08.05</Filter>
    </ClCompile>
    <ClCompile Include="2495.cpp">
      <Filter>소스 파일\2017.08.05</Filter>
    </ClCompile>
    <ClCompile Include="10811.cpp">
      <Filter>소스 파일\2017.08.09</Filter>
    </ClCompile>
    <ClCompile Include="5523.cpp">
      <Filter>소스 파일\2017.08.09</Filter>
    </ClCompile>
    <ClCompile Include="1871.cpp">
      <Filter>소스 파일\2017.08.09</Filter>
    </ClCompile>
    <ClCompile Include="11098.cpp">
      <Filter>소스 파일\2017.08.09</Filter>
    </ClCompile>
    <ClCompile Include="11586.cpp">
      <Filter>소스 파일\2017.08.09</Filter>
    </ClCompile>
    <ClCompile Include="9243.cpp">
      <Filter>소스 파일\2017.08.09</Filter>
    </ClCompile>
    <ClCompile Include="11575.cpp">
      <Filter>소스 파일\2017.08.09</Filter>
    </ClCompile>
    <ClCompile Include="4880.cpp">
      <Filter>소스 파일\2017.08.09</Filter>
    </ClCompile>
    <ClCompile Include="10973.cpp">
      <Filter>소스 파일\2017.08.09</Filter>
    </ClCompile>
    <ClCompile Include="11365.cpp">
      <Filter>소스 파일\2017.08.09</Filter>
    </ClCompile>
    <ClCompile Include="2954.cpp">
      <Filter>소스 파일\2017.08.09</Filter>
    </ClCompile>
    <ClCompile Include="12778.cpp">
      <Filter>소스 파일\2017.08.09</Filter>
    </ClCompile>
    <ClCompile Include="5176.cpp">
      <Filter>소스 파일\2017.08.09</Filter>
    </ClCompile>
    <ClCompile Include="11502.cpp">
      <Filter>소스 파일\2017.08.09</Filter>
    </ClCompile>
    <ClCompile Include="6321.cpp">
      <Filter>소스 파일\2017.08.09</Filter>
    </ClCompile>
    <ClCompile Include="2164.cpp">
      <Filter>소스 파일\2017.08.09</Filter>
    </ClCompile>
    <ClCompile Include="1780.cpp">
      <Filter>소스 파일\2017.08.09</Filter>
    </ClCompile>
    <ClCompile Include="1992.cpp">
      <Filter>소스 파일\2017.08.10</Filter>
    </ClCompile>
    <ClCompile Include="2252.cpp">
      <Filter>소스 파일\2017.08.10</Filter>
    </ClCompile>
    <ClCompile Include="9094.cpp">
      <Filter>소스 파일\2017.08.10</Filter>
    </ClCompile>
    <ClCompile Include="1922.cpp">
      <Filter>소스 파일\2017.08.10</Filter>
    </ClCompile>
    <ClCompile Include="10949.cpp">
      <Filter>소스 파일\2017.08.10</Filter>
    </ClCompile>
    <ClCompile Include="4597.cpp">
      <Filter>소스 파일\2017.08.10</Filter>
    </ClCompile>
    <ClCompile Include="1654.cpp">
      <Filter>소스 파일\2017.08.10</Filter>
    </ClCompile>
    <ClCompile Include="2302.cpp">
      <Filter>소스 파일\2017.08.10</Filter>
    </ClCompile>
    <ClCompile Include="13560.cpp">
      <Filter>소스 파일\2017.09.05</Filter>
    </ClCompile>
    <ClCompile Include="13561.cpp">
      <Filter>소스 파일\2017.09.05</Filter>
    </ClCompile>
    <ClCompile Include="2751_.cpp">
      <Filter>소스 파일</Filter>
    </ClCompile>
    <ClCompile Include="2098.cpp">
      <Filter>소스 파일\2017.09.05</Filter>
    </ClCompile>
    <ClCompile Include="1100.cpp">
      <Filter>소스 파일\2017.09.25</Filter>
    </ClCompile>
    <ClCompile Include="2751_pr.cpp">
      <Filter>소스 파일\2017.09.25</Filter>
    </ClCompile>
    <ClCompile Include="2042_sol.cpp">
      <Filter>소스 파일\2017.09.25</Filter>
    </ClCompile>
    <ClCompile Include="2042_pr.cpp">
      <Filter>소스 파일\2017.09.25</Filter>
    </ClCompile>
    <ClCompile Include="2042_seg.cpp">
      <Filter>소스 파일\2017.09.25</Filter>
    </ClCompile>
    <ClCompile Include="2098_pr.cpp">
      <Filter>소스 파일\2017.09.25</Filter>
    </ClCompile>
    <ClCompile Include="2098_sol.cpp">
      <Filter>소스 파일\2017.09.25</Filter>
    </ClCompile>
    <ClCompile Include="1920_.cpp">
      <Filter>소스 파일\2017.09.26</Filter>
    </ClCompile>
    <ClCompile Include="13303.cpp">
      <Filter>소스 파일\2017.09.26</Filter>
    </ClCompile>
    <ClCompile Include="10815.cpp">
      <Filter>소스 파일\2017.09.27</Filter>
    </ClCompile>
    <ClCompile Include="2178.cpp">
      <Filter>소스 파일\2017.09.27</Filter>
    </ClCompile>
    <ClCompile Include="1912.cpp">
      <Filter>소스 파일\2017.09.28</Filter>
    </ClCompile>
    <ClCompile Include="11376.cpp">
      <Filter>소스 파일\2017.09.28</Filter>
    </ClCompile>
    <ClCompile Include="11376_compact.cpp">
      <Filter>소스 파일\2017.09.28</Filter>
    </ClCompile>
    <ClCompile Include="1181_.cpp">
      <Filter>소스 파일\2017.09.28</Filter>
    </ClCompile>
    <ClCompile Include="2805.cpp">
      <Filter>소스 파일\2017.09.28</Filter>
    </ClCompile>
    <ClCompile Include="1260.cpp">
      <Filter>소스 파일\2017.09.28</Filter>
    </ClCompile>
    <ClCompile Include="11376_re.cpp">
      <Filter>소스 파일\2017.09.28</Filter>
    </ClCompile>
    <ClCompile Include="11650.cpp">
      <Filter>소스 파일\2017.09.29</Filter>
    </ClCompile>
    <ClCompile Include="2512.cpp">
      <Filter>소스 파일\2017.09.29</Filter>
    </ClCompile>
    <ClCompile Include="1697.cpp">
      <Filter>소스 파일\2017.09.29</Filter>
    </ClCompile>
    <ClCompile Include="1298.cpp">
      <Filter>소스 파일\2017.09.29</Filter>
    </ClCompile>
    <ClCompile Include="1912_n3.cpp">
      <Filter>소스 파일\2017.09.29</Filter>
    </ClCompile>
    <ClCompile Include="1912_n2.cpp">
      <Filter>소스 파일\2017.09.29</Filter>
    </ClCompile>
    <ClCompile Include="1912_n2_ver2.cpp">
      <Filter>소스 파일\2017.09.29</Filter>
    </ClCompile>
    <ClCompile Include="1912_nlogn.cpp">
      <Filter>소스 파일\2017.09.29</Filter>
    </ClCompile>
    <ClCompile Include="2098_re.cpp">
      <Filter>소스 파일\2017.09.29</Filter>
    </ClCompile>
    <ClCompile Include="1431.cpp">
      <Filter>소스 파일\2017.09.30</Filter>
    </ClCompile>
    <ClCompile Include="2718.cpp">
      <Filter>소스 파일\2017.09.30</Filter>
    </ClCompile>
    <ClCompile Include="10868.cpp">
      <Filter>소스 파일\2017.09.30</Filter>
    </ClCompile>
    <ClCompile Include="10868_re.cpp">
      <Filter>소스 파일\2017.09.30</Filter>
    </ClCompile>
    <ClCompile Include="2718_sol.cpp">
      <Filter>소스 파일\2017.10.01</Filter>
    </ClCompile>
    <ClCompile Include="2718_re.cpp">
      <Filter>소스 파일\2017.10.01</Filter>
    </ClCompile>
    <ClCompile Include="2718_sol2.cpp">
      <Filter>소스 파일\2017.10.01</Filter>
    </ClCompile>
    <ClCompile Include="2718_re_ver2.cpp">
      <Filter>소스 파일\2017.10.02</Filter>
    </ClCompile>
    <ClCompile Include="2357.cpp">
      <Filter>소스 파일\2017.10.02</Filter>
    </ClCompile>
    <ClCompile Include="3653.cpp">
      <Filter>소스 파일\2017.10.03</Filter>
    </ClCompile>
    <ClCompile Include="10816.cpp">
      <Filter>소스 파일\2017.10.03</Filter>
    </ClCompile>
    <ClCompile Include="2667.cpp">
      <Filter>소스 파일\2017.10.03</Filter>
    </ClCompile>
    <ClCompile Include="Lower_bound_ver2.cpp">
      <Filter>소스 파일\2017.10.03</Filter>
    </ClCompile>
    <ClCompile Include="Upper_bound_ver2.cpp">
      <Filter>소스 파일\2017.10.03</Filter>
    </ClCompile>
    <ClCompile Include="Lower_Bound.cpp">
      <Filter>소스 파일\2017.10.04</Filter>
    </ClCompile>
    <ClCompile Include="Upper_Bound.cpp">
      <Filter>소스 파일\2017.10.04</Filter>
    </ClCompile>
    <ClCompile Include="2934.cpp">
      <Filter>소스 파일\2017.10.05</Filter>
    </ClCompile>
    <ClCompile Include="6549.cpp">
      <Filter>소스 파일\2017.10.05</Filter>
    </ClCompile>
    <ClCompile Include="3653_segment_tree.cpp">
      <Filter>소스 파일\2017.10.05</Filter>
    </ClCompile>
    <ClCompile Include="11650_pr.cpp">
      <Filter>소스 파일\2017.10.06</Filter>
    </ClCompile>
    <ClCompile Include="2512_pr.cpp">
      <Filter>소스 파일\2017.10.06</Filter>
    </ClCompile>
    <ClCompile Include="11650_pr2.cpp">
      <Filter>소스 파일\2017.10.07</Filter>
    </ClCompile>
    <ClCompile Include="2512_pr2.cpp">
      <Filter>소스 파일\2017.10.07</Filter>
    </ClCompile>
    <ClCompile Include="1298_pr.cpp">
      <Filter>소스 파일\2017.10.07</Filter>
    </ClCompile>
    <ClCompile Include="2934_pr.cpp">
      <Filter>소스 파일\2017.10.07</Filter>
    </ClCompile>
  </ItemGroup>
  <ItemGroup>
    <Text Include="input.txt" />
    <Text Include="output.txt" />
  </ItemGroup>
</Project>