<?xml version="1.0" encoding="utf-8"?>
<Project ToolsVersion="4.0" xmlns="http://schemas.microsoft.com/developer/msbuild/2003">
  <ItemGroup>
    <Filter Include="소스 파일">
      <UniqueIdentifier>{4FC737F1-C7A5-4376-A066-2A32D752A2FF}</UniqueIdentifier>
      <Extensions>cpp;c;cc;cxx;def;odl;idl;hpj;bat;asm;asmx</Extensions>
    </Filter>
    <Filter Include="헤더 파일">
      <UniqueIdentifier>{93995380-89BD-4b04-88EB-625FBE52EBFB}</UniqueIdentifier>
      <Extensions>h;hh;hpp;hxx;hm;inl;inc;ipp;xsd</Extensions>
    </Filter>
    <Filter Include="리소스 파일">
      <UniqueIdentifier>{67DA6AB6-F800-4c08-8B7A-83BB121AAD01}</UniqueIdentifier>
      <Extensions>rc;ico;cur;bmp;dlg;rc2;rct;bin;rgs;gif;jpg;jpeg;jpe;resx;tiff;tif;png;wav;mfcribbon-ms</Extensions>
    </Filter>
    <Filter Include="소스 파일\20191116">
      <UniqueIdentifier>{0da1ac90-c153-44d7-bd61-9b18e22e379d}</UniqueIdentifier>
    </Filter>
    <Filter Include="소스 파일\201906">
      <UniqueIdentifier>{b71551eb-9409-46d8-bb6b-932e643e599b}</UniqueIdentifier>
    </Filter>
    <Filter Include="소스 파일\20190921">
      <UniqueIdentifier>{3a534f68-95db-4b2b-8fe2-78f32045ba89}</UniqueIdentifier>
    </Filter>
    <Filter Include="소스 파일\20200201">
      <UniqueIdentifier>{10ffe229-e238-4364-8ece-cdeeb3ac7ded}</UniqueIdentifier>
    </Filter>
    <Filter Include="소스 파일\20190720">
      <UniqueIdentifier>{ff78bb2e-fb1f-408e-99fc-d2445c53818c}</UniqueIdentifier>
    </Filter>
    <Filter Include="소스 파일\AtCoders">
      <UniqueIdentifier>{c71021e3-fd16-40eb-86af-540f334fa4d5}</UniqueIdentifier>
    </Filter>
    <Filter Include="소스 파일\AtCoders\Beginner Contest 154">
      <UniqueIdentifier>{0b1b7b1b-d06a-49d7-bdb2-9151d6b54bd7}</UniqueIdentifier>
    </Filter>
    <Filter Include="소스 파일\LeetCode">
      <UniqueIdentifier>{3810480d-9d5c-414d-9112-244684d05185}</UniqueIdentifier>
    </Filter>
    <Filter Include="소스 파일\BasicCode">
      <UniqueIdentifier>{74cf5fef-2923-42c0-9aa7-25b13ef01005}</UniqueIdentifier>
    </Filter>
    <Filter Include="소스 파일\AtCoders\Beginner Contest 155">
      <UniqueIdentifier>{99d9e006-1e7c-4bca-a581-3bd541989d20}</UniqueIdentifier>
    </Filter>
    <Filter Include="소스 파일\AtCoders\Beginner Contest 153">
      <UniqueIdentifier>{ed150772-7489-4d6f-8cb3-d178d8095a7d}</UniqueIdentifier>
    </Filter>
    <Filter Include="소스 파일\AtCoders\Beginner Contest 152">
      <UniqueIdentifier>{c3ecefa3-f717-4b0d-8be8-afb20792c2d4}</UniqueIdentifier>
    </Filter>
    <Filter Include="소스 파일\AtCoders\Beginner Contest 156">
      <UniqueIdentifier>{70268968-7296-47e9-9190-a977e69c0d45}</UniqueIdentifier>
    </Filter>
  </ItemGroup>
  <ItemGroup>
    <ClCompile Include="20191116\main.cpp">
      <Filter>소스 파일\20191116</Filter>
    </ClCompile>
    <ClCompile Include="20191116\user.cpp">
      <Filter>소스 파일\20191116</Filter>
    </ClCompile>
    <ClCompile Include="201906\main.cpp">
      <Filter>소스 파일\201906</Filter>
    </ClCompile>
    <ClCompile Include="201906\user.cpp">
      <Filter>소스 파일\201906</Filter>
    </ClCompile>
    <ClCompile Include="20190921\main.cpp">
      <Filter>소스 파일\20190921</Filter>
    </ClCompile>
    <ClCompile Include="20190921\user.cpp">
      <Filter>소스 파일\20190921</Filter>
    </ClCompile>
    <ClCompile Include="20200201\main.cpp">
      <Filter>소스 파일\20200201</Filter>
    </ClCompile>
    <ClCompile Include="20200201\user.cpp">
      <Filter>소스 파일\20200201</Filter>
    </ClCompile>
    <ClCompile Include="20190720\main.cpp">
      <Filter>소스 파일\20190720</Filter>
    </ClCompile>
    <ClCompile Include="20190720\user.cpp">
      <Filter>소스 파일\20190720</Filter>
    </ClCompile>
    <ClCompile Include="A_remaining_balls.cpp">
      <Filter>소스 파일\AtCoders\Beginner Contest 154</Filter>
    </ClCompile>
    <ClCompile Include="B_i_miss_you.cpp">
      <Filter>소스 파일\AtCoders\Beginner Contest 154</Filter>
    </ClCompile>
    <ClCompile Include="C_distinct_or_not.cpp">
      <Filter>소스 파일\AtCoders\Beginner Contest 154</Filter>
    </ClCompile>
    <ClCompile Include="D_dice_in_line.cpp">
      <Filter>소스 파일\AtCoders\Beginner Contest 154</Filter>
    </ClCompile>
    <ClCompile Include="3.cpp">
      <Filter>소스 파일\LeetCode</Filter>
    </ClCompile>
    <ClCompile Include="4.cpp">
      <Filter>소스 파일\LeetCode</Filter>
    </ClCompile>
    <ClCompile Include="5.cpp">
      <Filter>소스 파일\LeetCode</Filter>
    </ClCompile>
    <ClCompile Include="6.cpp">
      <Filter>소스 파일\LeetCode</Filter>
    </ClCompile>
    <ClCompile Include="7.cpp">
      <Filter>소스 파일\LeetCode</Filter>
    </ClCompile>
    <ClCompile Include="8.cpp">
      <Filter>소스 파일\LeetCode</Filter>
    </ClCompile>
    <ClCompile Include="9.cpp">
      <Filter>소스 파일\LeetCode</Filter>
    </ClCompile>
    <ClCompile Include="10.cpp">
      <Filter>소스 파일\LeetCode</Filter>
    </ClCompile>
    <ClCompile Include="11.cpp">
      <Filter>소스 파일\LeetCode</Filter>
    </ClCompile>
    <ClCompile Include="23.cpp">
      <Filter>소스 파일\LeetCode</Filter>
    </ClCompile>
    <ClCompile Include="25.cpp">
      <Filter>소스 파일\LeetCode</Filter>
    </ClCompile>
    <ClCompile Include="32.cpp">
      <Filter>소스 파일\LeetCode</Filter>
    </ClCompile>
    <ClCompile Include="76.cpp">
      <Filter>소스 파일\LeetCode</Filter>
    </ClCompile>
    <ClCompile Include="84.cpp">
      <Filter>소스 파일\LeetCode</Filter>
    </ClCompile>
    <ClCompile Include="84_2.cpp">
      <Filter>소스 파일\LeetCode</Filter>
    </ClCompile>
    <ClCompile Include="85.cpp">
      <Filter>소스 파일\LeetCode</Filter>
    </ClCompile>
    <ClCompile Include="85_2.cpp">
      <Filter>소스 파일\LeetCode</Filter>
    </ClCompile>
    <ClCompile Include="124.cpp">
      <Filter>소스 파일\LeetCode</Filter>
    </ClCompile>
    <ClCompile Include="149.cpp">
      <Filter>소스 파일\LeetCode</Filter>
    </ClCompile>
    <ClCompile Include="164.cpp">
      <Filter>소스 파일\LeetCode</Filter>
    </ClCompile>
    <ClCompile Include="212.cpp">
      <Filter>소스 파일\LeetCode</Filter>
    </ClCompile>
    <ClCompile Include="446.cpp">
      <Filter>소스 파일\LeetCode</Filter>
    </ClCompile>
    <ClCompile Include="968.cpp">
      <Filter>소스 파일\LeetCode</Filter>
    </ClCompile>
    <ClCompile Include="aaa.cpp">
      <Filter>소스 파일\LeetCode</Filter>
    </ClCompile>
    <ClCompile Include="239.cpp">
      <Filter>소스 파일\LeetCode</Filter>
    </ClCompile>
    <ClCompile Include="295.cpp">
      <Filter>소스 파일\LeetCode</Filter>
    </ClCompile>
    <ClCompile Include="295_2.cpp">
      <Filter>소스 파일\LeetCode</Filter>
    </ClCompile>
    <ClCompile Include="quick_sort_good_code.cpp">
      <Filter>소스 파일\BasicCode</Filter>
    </ClCompile>
    <ClCompile Include="295_3.cpp">
      <Filter>소스 파일\LeetCode</Filter>
    </ClCompile>
    <ClCompile Include="abc153_c.cpp">
      <Filter>소스 파일\AtCoders\Beginner Contest 153</Filter>
    </ClCompile>
    <ClCompile Include="user_my.cpp">
      <Filter>소스 파일\20200201</Filter>
    </ClCompile>
    <ClCompile Include="155c.cpp">
      <Filter>소스 파일\AtCoders\Beginner Contest 155</Filter>
    </ClCompile>
    <ClCompile Include="152_B.cpp">
      <Filter>소스 파일\AtCoders\Beginner Contest 152</Filter>
    </ClCompile>
    <ClCompile Include="152_C.cpp">
      <Filter>소스 파일\AtCoders\Beginner Contest 152</Filter>
    </ClCompile>
    <ClCompile Include="155e.cpp">
      <Filter>소스 파일\AtCoders\Beginner Contest 155</Filter>
    </ClCompile>
    <ClCompile Include="156b.cpp">
      <Filter>소스 파일\AtCoders\Beginner Contest 156</Filter>
    </ClCompile>
    <ClCompile Include="156c.cpp">
      <Filter>소스 파일\AtCoders\Beginner Contest 156</Filter>
    </ClCompile>
    <ClCompile Include="156d.cpp">
      <Filter>소스 파일\AtCoders\Beginner Contest 156</Filter>
    </ClCompile>
    <ClCompile Include="301.cpp">
      <Filter>소스 파일\LeetCode</Filter>
    </ClCompile>
    <ClCompile Include="72.cpp">
      <Filter>소스 파일\LeetCode</Filter>
    </ClCompile>
    <ClCompile Include="301_2.cpp">
      <Filter>소스 파일\LeetCode</Filter>
    </ClCompile>
    <ClCompile Include="301_sol.cpp">
      <Filter>소스 파일\LeetCode</Filter>
    </ClCompile>
  </ItemGroup>
  <ItemGroup>
    <Text Include="memo.txt">
      <Filter>소스 파일</Filter>
    </Text>
  </ItemGroup>
</Project>